
Microsoft Visual Studio Solution File, Format Version 12.00
# Visual Studio Version 17
VisualStudioVersion = 17.7.34221.43
MinimumVisualStudioVersion = 10.0.40219.1
Project("{FAE04EC0-301F-11D3-BF4B-00C04F79EFBC}") = "Gestão de Atendimentos", "Gestão de Atendimentos\Gestão de Atendimentos.csproj", "{72F22EE6-C45E-425B-942E-AF349C4553C2}"
EndProject
Global
	GlobalSection(SolutionConfigurationPlatforms) = preSolution
		Debug|Any CPU = Debug|Any CPU
		Release|Any CPU = Release|Any CPU
	EndGlobalSection
	GlobalSection(ProjectConfigurationPlatforms) = postSolution
		{72F22EE6-C45E-425B-942E-AF349C4553C2}.Debug|Any CPU.ActiveCfg = Debug|Any CPU
		{72F22EE6-C45E-425B-942E-AF349C4553C2}.Debug|Any CPU.Build.0 = Debug|Any CPU
		{72F22EE6-C45E-425B-942E-AF349C4553C2}.Release|Any CPU.ActiveCfg = Release|Any CPU
		{72F22EE6-C45E-425B-942E-AF349C4553C2}.Release|Any CPU.Build.0 = Release|Any CPU
	EndGlobalSection
	GlobalSection(SolutionProperties) = preSolution
		HideSolutionNode = FALSE
	EndGlobalSection
	GlobalSection(ExtensibilityGlobals) = postSolution
		SolutionGuid = {E0F5FB82-F132-4DFF-825B-7D7D34A81FF3}
	EndGlobalSection
EndGlobal
